{
  "object": {
    "pins": [
      {
        "package": "Operadics",
        "repositoryURL": "https://github.com/blanu/Operadics.git",
        "state": {
          "branch": "master",
          "revision": "836ebbe1827dd7b8a5a6c9589f927c3605ed9eaf",
          "version": null
        }
      },
      {
        "package": "SwiftCheck",
        "repositoryURL": "https://github.com/typelift/SwiftCheck.git",
        "state": {
          "branch": "master",
          "revision": "7494bedfa42972431004a5d478dbf1fc2655e1e6",
          "version": null
        }
      }
    ]
  },
  "version": 1
}
